// !$*UTF8*$!
{
	archiveVersion = 1;
	classes = {
	};
	objectVersion = 50;
	objects = {

/* Begin PBXBuildFile section */
		7D0E5FD8250F23BC0003A8C2 /* Box.swift in Sources */ = {isa = PBXBuildFile; fileRef = 7D0E5FD7250F23BC0003A8C2 /* Box.swift */; };
		7D6BF7D1250C765800C824D7 /* AppDelegate.swift in Sources */ = {isa = PBXBuildFile; fileRef = 7D6BF7D0250C765800C824D7 /* AppDelegate.swift */; };
		7D6BF7D3250C765800C824D7 /* SceneDelegate.swift in Sources */ = {isa = PBXBuildFile; fileRef = 7D6BF7D2250C765800C824D7 /* SceneDelegate.swift */; };
		7D6BF7D5250C765800C824D7 /* HomeController.swift in Sources */ = {isa = PBXBuildFile; fileRef = 7D6BF7D4250C765800C824D7 /* HomeController.swift */; };
		7D6BF7DA250C765800C824D7 /* Assets.xcassets in Resources */ = {isa = PBXBuildFile; fileRef = 7D6BF7D9250C765800C824D7 /* Assets.xcassets */; };
		7D6BF7DD250C765800C824D7 /* LaunchScreen.storyboard in Resources */ = {isa = PBXBuildFile; fileRef = 7D6BF7DB250C765800C824D7 /* LaunchScreen.storyboard */; };
		7D6BF976250C825600C824D7 /* Nike_Network.framework in Frameworks */ = {isa = PBXBuildFile; fileRef = 7D6BF975250C825600C824D7 /* Nike_Network.framework */; };
		7D6BF97C250C830C00C824D7 /* Nike_Network.framework in Frameworks */ = {isa = PBXBuildFile; fileRef = 7D6BF971250C823E00C824D7 /* Nike_Network.framework */; };
		7D6BF97D250C830C00C824D7 /* Nike_Network.framework in Embed Frameworks */ = {isa = PBXBuildFile; fileRef = 7D6BF971250C823E00C824D7 /* Nike_Network.framework */; settings = {ATTRIBUTES = (CodeSignOnCopy, RemoveHeadersOnCopy, ); }; };
		7D927A36250F2D0400D0CBC0 /* AlbumCellViewModel.swift in Sources */ = {isa = PBXBuildFile; fileRef = 7D927A35250F2D0400D0CBC0 /* AlbumCellViewModel.swift */; };
		7D927A3A250F2D4600D0CBC0 /* HomeViewModel+UITableViewDelegate.swift in Sources */ = {isa = PBXBuildFile; fileRef = 7D927A39250F2D4600D0CBC0 /* HomeViewModel+UITableViewDelegate.swift */; };
		7D927A3D250F2DB500D0CBC0 /* HomeCell.swift in Sources */ = {isa = PBXBuildFile; fileRef = 7D927A3C250F2DB500D0CBC0 /* HomeCell.swift */; };
		7D927A42250F4A5500D0CBC0 /* UIStackView+.swift in Sources */ = {isa = PBXBuildFile; fileRef = 7D927A41250F4A5500D0CBC0 /* UIStackView+.swift */; };
		7D927A44250F4F6A00D0CBC0 /* AlbumInfoViewController.swift in Sources */ = {isa = PBXBuildFile; fileRef = 7D927A43250F4F6A00D0CBC0 /* AlbumInfoViewController.swift */; };
		7D927A49250F53D200D0CBC0 /* Array+.swift in Sources */ = {isa = PBXBuildFile; fileRef = 7D927A48250F53D200D0CBC0 /* Array+.swift */; };
		7D927A51250F816B00D0CBC0 /* AppCoordinator.swift in Sources */ = {isa = PBXBuildFile; fileRef = 7D927A50250F816B00D0CBC0 /* AppCoordinator.swift */; };
		7D927A53250F825C00D0CBC0 /* UIView+.swift in Sources */ = {isa = PBXBuildFile; fileRef = 7D927A52250F825C00D0CBC0 /* UIView+.swift */; };
		7D927A55250F881A00D0CBC0 /* HomeControllerTests.swift in Sources */ = {isa = PBXBuildFile; fileRef = 7D927A54250F881900D0CBC0 /* HomeControllerTests.swift */; };
		7D927A582510F56200D0CBC0 /* HomeCellTests.swift in Sources */ = {isa = PBXBuildFile; fileRef = 7D927A572510F56200D0CBC0 /* HomeCellTests.swift */; };
		7D927A612511197D00D0CBC0 /* AlbumInfoViewModel.swift in Sources */ = {isa = PBXBuildFile; fileRef = 7D927A602511197D00D0CBC0 /* AlbumInfoViewModel.swift */; };
		7D927A6525111EED00D0CBC0 /* AlbumCellViewModelTests.swift in Sources */ = {isa = PBXBuildFile; fileRef = 7D927A6425111EED00D0CBC0 /* AlbumCellViewModelTests.swift */; };
		7D927A67251131D000D0CBC0 /* AppCoordinatorTests.swift in Sources */ = {isa = PBXBuildFile; fileRef = 7D927A66251131D000D0CBC0 /* AppCoordinatorTests.swift */; };
		7DEBD645250F260000A247CA /* Coordinator.swift in Sources */ = {isa = PBXBuildFile; fileRef = 7DEBD644250F260000A247CA /* Coordinator.swift */; };
		7DEBD647250F266300A247CA /* HomeViewModel.swift in Sources */ = {isa = PBXBuildFile; fileRef = 7DEBD646250F266300A247CA /* HomeViewModel.swift */; };
		7DEBD657250F280A00A247CA /* HomeViewModelTests.swift in Sources */ = {isa = PBXBuildFile; fileRef = 7DEBD656250F280A00A247CA /* HomeViewModelTests.swift */; };
		7DEBD659250F288600A247CA /* secondTestUtilities.swift in Sources */ = {isa = PBXBuildFile; fileRef = 7DEBD658250F288600A247CA /* secondTestUtilities.swift */; };
		7DEBD65B250F28AE00A247CA /* BoxTests.swift in Sources */ = {isa = PBXBuildFile; fileRef = 7DEBD65A250F28AE00A247CA /* BoxTests.swift */; };
/* End PBXBuildFile section */

/* Begin PBXContainerItemProxy section */
		7D6BF970250C823E00C824D7 /* PBXContainerItemProxy */ = {
			isa = PBXContainerItemProxy;
			containerPortal = 7D6BF96B250C823E00C824D7 /* Nike_Network.xcodeproj */;
			proxyType = 2;
			remoteGlobalIDString = 7D6BF951250C822300C824D7;
			remoteInfo = Nike_Network;
		};
		7D6BF972250C823E00C824D7 /* PBXContainerItemProxy */ = {
			isa = PBXContainerItemProxy;
			containerPortal = 7D6BF96B250C823E00C824D7 /* Nike_Network.xcodeproj */;
			proxyType = 2;
			remoteGlobalIDString = 7D6BF95A250C822300C824D7;
			remoteInfo = Nike_NetworkTests;
		};
		7DEBD651250F274000A247CA /* PBXContainerItemProxy */ = {
			isa = PBXContainerItemProxy;
			containerPortal = 7D6BF7C5250C765700C824D7 /* Project object */;
			proxyType = 1;
			remoteGlobalIDString = 7D6BF7CC250C765700C824D7;
			remoteInfo = jamie_chu_nike;
		};
/* End PBXContainerItemProxy section */

/* Begin PBXCopyFilesBuildPhase section */
		7D6BF97E250C830C00C824D7 /* Embed Frameworks */ = {
			isa = PBXCopyFilesBuildPhase;
			buildActionMask = 2147483647;
			dstPath = "";
			dstSubfolderSpec = 10;
			files = (
				7D6BF97D250C830C00C824D7 /* Nike_Network.framework in Embed Frameworks */,
			);
			name = "Embed Frameworks";
			runOnlyForDeploymentPostprocessing = 0;
		};
/* End PBXCopyFilesBuildPhase section */

/* Begin PBXFileReference section */
		7D0E5FD7250F23BC0003A8C2 /* Box.swift */ = {isa = PBXFileReference; lastKnownFileType = sourcecode.swift; path = Box.swift; sourceTree = "<group>"; };
		7D6BF7CD250C765700C824D7 /* jamie_chu_nike.app */ = {isa = PBXFileReference; explicitFileType = wrapper.application; includeInIndex = 0; path = jamie_chu_nike.app; sourceTree = BUILT_PRODUCTS_DIR; };
		7D6BF7D0250C765800C824D7 /* AppDelegate.swift */ = {isa = PBXFileReference; lastKnownFileType = sourcecode.swift; path = AppDelegate.swift; sourceTree = "<group>"; };
		7D6BF7D2250C765800C824D7 /* SceneDelegate.swift */ = {isa = PBXFileReference; lastKnownFileType = sourcecode.swift; path = SceneDelegate.swift; sourceTree = "<group>"; };
		7D6BF7D4250C765800C824D7 /* HomeController.swift */ = {isa = PBXFileReference; lastKnownFileType = sourcecode.swift; path = HomeController.swift; sourceTree = "<group>"; };
		7D6BF7D9250C765800C824D7 /* Assets.xcassets */ = {isa = PBXFileReference; lastKnownFileType = folder.assetcatalog; path = Assets.xcassets; sourceTree = "<group>"; };
		7D6BF7DC250C765800C824D7 /* Base */ = {isa = PBXFileReference; lastKnownFileType = file.storyboard; name = Base; path = Base.lproj/LaunchScreen.storyboard; sourceTree = "<group>"; };
		7D6BF7DE250C765800C824D7 /* Info.plist */ = {isa = PBXFileReference; lastKnownFileType = text.plist.xml; path = Info.plist; sourceTree = "<group>"; };
		7D6BF96B250C823E00C824D7 /* Nike_Network.xcodeproj */ = {isa = PBXFileReference; lastKnownFileType = "wrapper.pb-project"; name = Nike_Network.xcodeproj; path = Nike_Network/Nike_Network.xcodeproj; sourceTree = "<group>"; };
		7D6BF975250C825600C824D7 /* Nike_Network.framework */ = {isa = PBXFileReference; lastKnownFileType = wrapper.framework; name = Nike_Network.framework; path = "../../../Library/Developer/Xcode/DerivedData/Nike_Network-gsqzuzrkwkcagnfltknibenrzaly/Build/Products/Debug-iphoneos/Nike_Network.framework"; sourceTree = "<group>"; };
		7D927A35250F2D0400D0CBC0 /* AlbumCellViewModel.swift */ = {isa = PBXFileReference; lastKnownFileType = sourcecode.swift; path = AlbumCellViewModel.swift; sourceTree = "<group>"; };
		7D927A39250F2D4600D0CBC0 /* HomeViewModel+UITableViewDelegate.swift */ = {isa = PBXFileReference; lastKnownFileType = sourcecode.swift; path = "HomeViewModel+UITableViewDelegate.swift"; sourceTree = "<group>"; };
		7D927A3C250F2DB500D0CBC0 /* HomeCell.swift */ = {isa = PBXFileReference; lastKnownFileType = sourcecode.swift; path = HomeCell.swift; sourceTree = "<group>"; };
		7D927A41250F4A5500D0CBC0 /* UIStackView+.swift */ = {isa = PBXFileReference; lastKnownFileType = sourcecode.swift; path = "UIStackView+.swift"; sourceTree = "<group>"; };
		7D927A43250F4F6A00D0CBC0 /* AlbumInfoViewController.swift */ = {isa = PBXFileReference; lastKnownFileType = sourcecode.swift; path = AlbumInfoViewController.swift; sourceTree = "<group>"; };
		7D927A48250F53D200D0CBC0 /* Array+.swift */ = {isa = PBXFileReference; lastKnownFileType = sourcecode.swift; path = "Array+.swift"; sourceTree = "<group>"; };
		7D927A50250F816B00D0CBC0 /* AppCoordinator.swift */ = {isa = PBXFileReference; lastKnownFileType = sourcecode.swift; path = AppCoordinator.swift; sourceTree = "<group>"; };
		7D927A52250F825C00D0CBC0 /* UIView+.swift */ = {isa = PBXFileReference; lastKnownFileType = sourcecode.swift; path = "UIView+.swift"; sourceTree = "<group>"; };
		7D927A54250F881900D0CBC0 /* HomeControllerTests.swift */ = {isa = PBXFileReference; lastKnownFileType = sourcecode.swift; path = HomeControllerTests.swift; sourceTree = "<group>"; };
		7D927A572510F56200D0CBC0 /* HomeCellTests.swift */ = {isa = PBXFileReference; lastKnownFileType = sourcecode.swift; path = HomeCellTests.swift; sourceTree = "<group>"; };
		7D927A602511197D00D0CBC0 /* AlbumInfoViewModel.swift */ = {isa = PBXFileReference; lastKnownFileType = sourcecode.swift; path = AlbumInfoViewModel.swift; sourceTree = "<group>"; };
		7D927A6425111EED00D0CBC0 /* AlbumCellViewModelTests.swift */ = {isa = PBXFileReference; lastKnownFileType = sourcecode.swift; path = AlbumCellViewModelTests.swift; sourceTree = "<group>"; };
		7D927A66251131D000D0CBC0 /* AppCoordinatorTests.swift */ = {isa = PBXFileReference; lastKnownFileType = sourcecode.swift; path = AppCoordinatorTests.swift; sourceTree = "<group>"; };
		7DEBD644250F260000A247CA /* Coordinator.swift */ = {isa = PBXFileReference; lastKnownFileType = sourcecode.swift; path = Coordinator.swift; sourceTree = "<group>"; };
		7DEBD646250F266300A247CA /* HomeViewModel.swift */ = {isa = PBXFileReference; lastKnownFileType = sourcecode.swift; path = HomeViewModel.swift; sourceTree = "<group>"; };
		7DEBD64C250F274000A247CA /* second_jamie_chu_nikeTests.xctest */ = {isa = PBXFileReference; explicitFileType = wrapper.cfbundle; includeInIndex = 0; path = second_jamie_chu_nikeTests.xctest; sourceTree = BUILT_PRODUCTS_DIR; };
		7DEBD650250F274000A247CA /* Info.plist */ = {isa = PBXFileReference; lastKnownFileType = text.plist.xml; path = Info.plist; sourceTree = "<group>"; };
		7DEBD656250F280A00A247CA /* HomeViewModelTests.swift */ = {isa = PBXFileReference; lastKnownFileType = sourcecode.swift; path = HomeViewModelTests.swift; sourceTree = "<group>"; };
		7DEBD658250F288600A247CA /* secondTestUtilities.swift */ = {isa = PBXFileReference; lastKnownFileType = sourcecode.swift; path = secondTestUtilities.swift; sourceTree = "<group>"; };
		7DEBD65A250F28AE00A247CA /* BoxTests.swift */ = {isa = PBXFileReference; lastKnownFileType = sourcecode.swift; path = BoxTests.swift; sourceTree = "<group>"; };
/* End PBXFileReference section */

/* Begin PBXFrameworksBuildPhase section */
		7D6BF7CA250C765700C824D7 /* Frameworks */ = {
			isa = PBXFrameworksBuildPhase;
			buildActionMask = 2147483647;
			files = (
				7D6BF97C250C830C00C824D7 /* Nike_Network.framework in Frameworks */,
				7D6BF976250C825600C824D7 /* Nike_Network.framework in Frameworks */,
			);
			runOnlyForDeploymentPostprocessing = 0;
		};
		7DEBD649250F274000A247CA /* Frameworks */ = {
			isa = PBXFrameworksBuildPhase;
			buildActionMask = 2147483647;
			files = (
			);
			runOnlyForDeploymentPostprocessing = 0;
		};
/* End PBXFrameworksBuildPhase section */

/* Begin PBXGroup section */
		7D6BF7C4250C765700C824D7 = {
			isa = PBXGroup;
			children = (
				7D6BF96B250C823E00C824D7 /* Nike_Network.xcodeproj */,
				7D6BF7CF250C765800C824D7 /* jamie_chu_nike */,
				7DEBD64D250F274000A247CA /* second_jamie_chu_nikeTests */,
				7D6BF7CE250C765700C824D7 /* Products */,
				7D6BF974250C825500C824D7 /* Frameworks */,
			);
			sourceTree = "<group>";
		};
		7D6BF7CE250C765700C824D7 /* Products */ = {
			isa = PBXGroup;
			children = (
				7D6BF7CD250C765700C824D7 /* jamie_chu_nike.app */,
				7DEBD64C250F274000A247CA /* second_jamie_chu_nikeTests.xctest */,
			);
			name = Products;
			sourceTree = "<group>";
		};
		7D6BF7CF250C765800C824D7 /* jamie_chu_nike */ = {
			isa = PBXGroup;
			children = (
				7D927A3E250F2DE900D0CBC0 /* Utilities */,
				7DEBD65F250F2C2A00A247CA /* App */,
				7D927A45250F4FA200D0CBC0 /* AlbumInfo */,
				7DEBD65E250F2C0900A247CA /* HomeScreen */,
				7DEBD644250F260000A247CA /* Coordinator.swift */,
				7D6BF7D9250C765800C824D7 /* Assets.xcassets */,
				7D6BF7DB250C765800C824D7 /* LaunchScreen.storyboard */,
				7D6BF7DE250C765800C824D7 /* Info.plist */,
			);
			path = jamie_chu_nike;
			sourceTree = "<group>";
		};
		7D6BF96C250C823E00C824D7 /* Products */ = {
			isa = PBXGroup;
			children = (
				7D6BF971250C823E00C824D7 /* Nike_Network.framework */,
				7D6BF973250C823E00C824D7 /* Nike_NetworkTests.xctest */,
			);
			name = Products;
			sourceTree = "<group>";
		};
		7D6BF974250C825500C824D7 /* Frameworks */ = {
			isa = PBXGroup;
			children = (
				7D6BF975250C825600C824D7 /* Nike_Network.framework */,
			);
			name = Frameworks;
			sourceTree = "<group>";
		};
		7D927A3B250F2DAD00D0CBC0 /* HomeCell */ = {
			isa = PBXGroup;
			children = (
				7D927A35250F2D0400D0CBC0 /* AlbumCellViewModel.swift */,
				7D927A3C250F2DB500D0CBC0 /* HomeCell.swift */,
			);
			path = HomeCell;
			sourceTree = "<group>";
		};
		7D927A3E250F2DE900D0CBC0 /* Utilities */ = {
			isa = PBXGroup;
			children = (
				7D0E5FD7250F23BC0003A8C2 /* Box.swift */,
				7D927A41250F4A5500D0CBC0 /* UIStackView+.swift */,
				7D927A48250F53D200D0CBC0 /* Array+.swift */,
				7D927A52250F825C00D0CBC0 /* UIView+.swift */,
			);
			path = Utilities;
			sourceTree = "<group>";
		};
		7D927A45250F4FA200D0CBC0 /* AlbumInfo */ = {
			isa = PBXGroup;
			children = (
				7D927A602511197D00D0CBC0 /* AlbumInfoViewModel.swift */,
				7D927A43250F4F6A00D0CBC0 /* AlbumInfoViewController.swift */,
			);
			path = AlbumInfo;
			sourceTree = "<group>";
		};
		7DEBD64D250F274000A247CA /* second_jamie_chu_nikeTests */ = {
			isa = PBXGroup;
			children = (
				7DEBD650250F274000A247CA /* Info.plist */,
				7DEBD656250F280A00A247CA /* HomeViewModelTests.swift */,
				7DEBD658250F288600A247CA /* secondTestUtilities.swift */,
				7DEBD65A250F28AE00A247CA /* BoxTests.swift */,
				7D927A54250F881900D0CBC0 /* HomeControllerTests.swift */,
				7D927A572510F56200D0CBC0 /* HomeCellTests.swift */,
				7D927A6425111EED00D0CBC0 /* AlbumCellViewModelTests.swift */,
				7D927A66251131D000D0CBC0 /* AppCoordinatorTests.swift */,
			);
			path = second_jamie_chu_nikeTests;
			sourceTree = "<group>";
		};
		7DEBD65E250F2C0900A247CA /* HomeScreen */ = {
			isa = PBXGroup;
			children = (
				7D927A3B250F2DAD00D0CBC0 /* HomeCell */,
				7D6BF7D4250C765800C824D7 /* HomeController.swift */,
				7DEBD646250F266300A247CA /* HomeViewModel.swift */,
				7D927A39250F2D4600D0CBC0 /* HomeViewModel+UITableViewDelegate.swift */,
			);
			path = HomeScreen;
			sourceTree = "<group>";
		};
		7DEBD65F250F2C2A00A247CA /* App */ = {
			isa = PBXGroup;
			children = (
				7D6BF7D2250C765800C824D7 /* SceneDelegate.swift */,
				7D6BF7D0250C765800C824D7 /* AppDelegate.swift */,
				7D927A50250F816B00D0CBC0 /* AppCoordinator.swift */,
			);
			path = App;
			sourceTree = "<group>";
		};
/* End PBXGroup section */

/* Begin PBXNativeTarget section */
		7D6BF7CC250C765700C824D7 /* jamie_chu_nike */ = {
			isa = PBXNativeTarget;
			buildConfigurationList = 7D6BF7EC250C765900C824D7 /* Build configuration list for PBXNativeTarget "jamie_chu_nike" */;
			buildPhases = (
				7D6BF7C9250C765700C824D7 /* Sources */,
				7D6BF7CA250C765700C824D7 /* Frameworks */,
				7D6BF7CB250C765700C824D7 /* Resources */,
				7D6BF97E250C830C00C824D7 /* Embed Frameworks */,
			);
			buildRules = (
			);
			dependencies = (
			);
			name = jamie_chu_nike;
			productName = jamie_chu_nike;
			productReference = 7D6BF7CD250C765700C824D7 /* jamie_chu_nike.app */;
			productType = "com.apple.product-type.application";
		};
		7DEBD64B250F274000A247CA /* second_jamie_chu_nikeTests */ = {
			isa = PBXNativeTarget;
			buildConfigurationList = 7DEBD653250F274000A247CA /* Build configuration list for PBXNativeTarget "second_jamie_chu_nikeTests" */;
			buildPhases = (
				7DEBD648250F274000A247CA /* Sources */,
				7DEBD649250F274000A247CA /* Frameworks */,
				7DEBD64A250F274000A247CA /* Resources */,
			);
			buildRules = (
			);
			dependencies = (
				7DEBD652250F274000A247CA /* PBXTargetDependency */,
			);
			name = second_jamie_chu_nikeTests;
			productName = second_jamie_chu_nikeTests;
			productReference = 7DEBD64C250F274000A247CA /* second_jamie_chu_nikeTests.xctest */;
			productType = "com.apple.product-type.bundle.unit-test";
		};
/* End PBXNativeTarget section */

/* Begin PBXProject section */
		7D6BF7C5250C765700C824D7 /* Project object */ = {
			isa = PBXProject;
			attributes = {
				LastSwiftUpdateCheck = 1150;
				LastUpgradeCheck = 1150;
				ORGANIZATIONNAME = "Jamie Chu";
				TargetAttributes = {
					7D6BF7CC250C765700C824D7 = {
						CreatedOnToolsVersion = 11.5;
					};
					7DEBD64B250F274000A247CA = {
						CreatedOnToolsVersion = 11.5;
						TestTargetID = 7D6BF7CC250C765700C824D7;
					};
				};
			};
			buildConfigurationList = 7D6BF7C8250C765700C824D7 /* Build configuration list for PBXProject "jamie_chu_nike" */;
			compatibilityVersion = "Xcode 9.3";
			developmentRegion = en;
			hasScannedForEncodings = 0;
			knownRegions = (
				en,
				Base,
			);
			mainGroup = 7D6BF7C4250C765700C824D7;
			productRefGroup = 7D6BF7CE250C765700C824D7 /* Products */;
			projectDirPath = "";
			projectReferences = (
				{
					ProductGroup = 7D6BF96C250C823E00C824D7 /* Products */;
					ProjectRef = 7D6BF96B250C823E00C824D7 /* Nike_Network.xcodeproj */;
				},
			);
			projectRoot = "";
			targets = (
				7D6BF7CC250C765700C824D7 /* jamie_chu_nike */,
				7DEBD64B250F274000A247CA /* second_jamie_chu_nikeTests */,
			);
		};
/* End PBXProject section */

/* Begin PBXReferenceProxy section */
		7D6BF971250C823E00C824D7 /* Nike_Network.framework */ = {
			isa = PBXReferenceProxy;
			fileType = wrapper.framework;
			path = Nike_Network.framework;
			remoteRef = 7D6BF970250C823E00C824D7 /* PBXContainerItemProxy */;
			sourceTree = BUILT_PRODUCTS_DIR;
		};
		7D6BF973250C823E00C824D7 /* Nike_NetworkTests.xctest */ = {
			isa = PBXReferenceProxy;
			fileType = wrapper.cfbundle;
			path = Nike_NetworkTests.xctest;
			remoteRef = 7D6BF972250C823E00C824D7 /* PBXContainerItemProxy */;
			sourceTree = BUILT_PRODUCTS_DIR;
		};
/* End PBXReferenceProxy section */

/* Begin PBXResourcesBuildPhase section */
		7D6BF7CB250C765700C824D7 /* Resources */ = {
			isa = PBXResourcesBuildPhase;
			buildActionMask = 2147483647;
			files = (
				7D6BF7DD250C765800C824D7 /* LaunchScreen.storyboard in Resources */,
				7D6BF7DA250C765800C824D7 /* Assets.xcassets in Resources */,
			);
			runOnlyForDeploymentPostprocessing = 0;
		};
		7DEBD64A250F274000A247CA /* Resources */ = {
			isa = PBXResourcesBuildPhase;
			buildActionMask = 2147483647;
			files = (
			);
			runOnlyForDeploymentPostprocessing = 0;
		};
/* End PBXResourcesBuildPhase section */

/* Begin PBXSourcesBuildPhase section */
		7D6BF7C9250C765700C824D7 /* Sources */ = {
			isa = PBXSourcesBuildPhase;
			buildActionMask = 2147483647;
			files = (
				7D927A49250F53D200D0CBC0 /* Array+.swift in Sources */,
				7D927A44250F4F6A00D0CBC0 /* AlbumInfoViewController.swift in Sources */,
				7D927A53250F825C00D0CBC0 /* UIView+.swift in Sources */,
				7D927A36250F2D0400D0CBC0 /* AlbumCellViewModel.swift in Sources */,
				7D6BF7D5250C765800C824D7 /* HomeController.swift in Sources */,
				7DEBD647250F266300A247CA /* HomeViewModel.swift in Sources */,
				7D0E5FD8250F23BC0003A8C2 /* Box.swift in Sources */,
				7D927A51250F816B00D0CBC0 /* AppCoordinator.swift in Sources */,
				7DEBD645250F260000A247CA /* Coordinator.swift in Sources */,
				7D6BF7D1250C765800C824D7 /* AppDelegate.swift in Sources */,
				7D927A3A250F2D4600D0CBC0 /* HomeViewModel+UITableViewDelegate.swift in Sources */,
				7D927A42250F4A5500D0CBC0 /* UIStackView+.swift in Sources */,
				7D927A612511197D00D0CBC0 /* AlbumInfoViewModel.swift in Sources */,
				7D927A3D250F2DB500D0CBC0 /* HomeCell.swift in Sources */,
				7D6BF7D3250C765800C824D7 /* SceneDelegate.swift in Sources */,
			);
			runOnlyForDeploymentPostprocessing = 0;
		};
		7DEBD648250F274000A247CA /* Sources */ = {
			isa = PBXSourcesBuildPhase;
			buildActionMask = 2147483647;
			files = (
				7D927A67251131D000D0CBC0 /* AppCoordinatorTests.swift in Sources */,
				7D927A582510F56200D0CBC0 /* HomeCellTests.swift in Sources */,
				7D927A6525111EED00D0CBC0 /* AlbumCellViewModelTests.swift in Sources */,
				7D927A55250F881A00D0CBC0 /* HomeControllerTests.swift in Sources */,
				7DEBD65B250F28AE00A247CA /* BoxTests.swift in Sources */,
				7DEBD659250F288600A247CA /* secondTestUtilities.swift in Sources */,
				7DEBD657250F280A00A247CA /* HomeViewModelTests.swift in Sources */,
			);
			runOnlyForDeploymentPostprocessing = 0;
		};
/* End PBXSourcesBuildPhase section */

/* Begin PBXTargetDependency section */
		7DEBD652250F274000A247CA /* PBXTargetDependency */ = {
			isa = PBXTargetDependency;
			target = 7D6BF7CC250C765700C824D7 /* jamie_chu_nike */;
			targetProxy = 7DEBD651250F274000A247CA /* PBXContainerItemProxy */;
		};
/* End PBXTargetDependency section */

/* Begin PBXVariantGroup section */
		7D6BF7DB250C765800C824D7 /* LaunchScreen.storyboard */ = {
			isa = PBXVariantGroup;
			children = (
				7D6BF7DC250C765800C824D7 /* Base */,
			);
			name = LaunchScreen.storyboard;
			sourceTree = "<group>";
		};
/* End PBXVariantGroup section */

/* Begin XCBuildConfiguration section */
		7D6BF7EA250C765900C824D7 /* Debug */ = {
			isa = XCBuildConfiguration;
			buildSettings = {
				ALWAYS_SEARCH_USER_PATHS = NO;
				CLANG_ANALYZER_NONNULL = YES;
				CLANG_ANALYZER_NUMBER_OBJECT_CONVERSION = YES_AGGRESSIVE;
				CLANG_CXX_LANGUAGE_STANDARD = "gnu++14";
				CLANG_CXX_LIBRARY = "libc++";
				CLANG_ENABLE_MODULES = YES;
				CLANG_ENABLE_OBJC_ARC = YES;
				CLANG_ENABLE_OBJC_WEAK = YES;
				CLANG_WARN_BLOCK_CAPTURE_AUTORELEASING = YES;
				CLANG_WARN_BOOL_CONVERSION = YES;
				CLANG_WARN_COMMA = YES;
				CLANG_WARN_CONSTANT_CONVERSION = YES;
				CLANG_WARN_DEPRECATED_OBJC_IMPLEMENTATIONS = YES;
				CLANG_WARN_DIRECT_OBJC_ISA_USAGE = YES_ERROR;
				CLANG_WARN_DOCUMENTATION_COMMENTS = YES;
				CLANG_WARN_EMPTY_BODY = YES;
				CLANG_WARN_ENUM_CONVERSION = YES;
				CLANG_WARN_INFINITE_RECURSION = YES;
				CLANG_WARN_INT_CONVERSION = YES;
				CLANG_WARN_NON_LITERAL_NULL_CONVERSION = YES;
				CLANG_WARN_OBJC_IMPLICIT_RETAIN_SELF = YES;
				CLANG_WARN_OBJC_LITERAL_CONVERSION = YES;
				CLANG_WARN_OBJC_ROOT_CLASS = YES_ERROR;
				CLANG_WARN_RANGE_LOOP_ANALYSIS = YES;
				CLANG_WARN_STRICT_PROTOTYPES = YES;
				CLANG_WARN_SUSPICIOUS_MOVE = YES;
				CLANG_WARN_UNGUARDED_AVAILABILITY = YES_AGGRESSIVE;
				CLANG_WARN_UNREACHABLE_CODE = YES;
				CLANG_WARN__DUPLICATE_METHOD_MATCH = YES;
				COPY_PHASE_STRIP = NO;
				DEBUG_INFORMATION_FORMAT = dwarf;
				ENABLE_STRICT_OBJC_MSGSEND = YES;
				ENABLE_TESTABILITY = YES;
				GCC_C_LANGUAGE_STANDARD = gnu11;
				GCC_DYNAMIC_NO_PIC = NO;
				GCC_NO_COMMON_BLOCKS = YES;
				GCC_OPTIMIZATION_LEVEL = 0;
				GCC_PREPROCESSOR_DEFINITIONS = (
					"DEBUG=1",
					"$(inherited)",
				);
				GCC_WARN_64_TO_32_BIT_CONVERSION = YES;
				GCC_WARN_ABOUT_RETURN_TYPE = YES_ERROR;
				GCC_WARN_UNDECLARED_SELECTOR = YES;
				GCC_WARN_UNINITIALIZED_AUTOS = YES_AGGRESSIVE;
				GCC_WARN_UNUSED_FUNCTION = YES;
				GCC_WARN_UNUSED_VARIABLE = YES;
				IPHONEOS_DEPLOYMENT_TARGET = 13.5;
				MTL_ENABLE_DEBUG_INFO = INCLUDE_SOURCE;
				MTL_FAST_MATH = YES;
				ONLY_ACTIVE_ARCH = YES;
				SDKROOT = iphoneos;
				SWIFT_ACTIVE_COMPILATION_CONDITIONS = DEBUG;
				SWIFT_OPTIMIZATION_LEVEL = "-Onone";
			};
			name = Debug;
		};
		7D6BF7EB250C765900C824D7 /* Release */ = {
			isa = XCBuildConfiguration;
			buildSettings = {
				ALWAYS_SEARCH_USER_PATHS = NO;
				CLANG_ANALYZER_NONNULL = YES;
				CLANG_ANALYZER_NUMBER_OBJECT_CONVERSION = YES_AGGRESSIVE;
				CLANG_CXX_LANGUAGE_STANDARD = "gnu++14";
				CLANG_CXX_LIBRARY = "libc++";
				CLANG_ENABLE_MODULES = YES;
				CLANG_ENABLE_OBJC_ARC = YES;
				CLANG_ENABLE_OBJC_WEAK = YES;
				CLANG_WARN_BLOCK_CAPTURE_AUTORELEASING = YES;
				CLANG_WARN_BOOL_CONVERSION = YES;
				CLANG_WARN_COMMA = YES;
				CLANG_WARN_CONSTANT_CONVERSION = YES;
				CLANG_WARN_DEPRECATED_OBJC_IMPLEMENTATIONS = YES;
				CLANG_WARN_DIRECT_OBJC_ISA_USAGE = YES_ERROR;
				CLANG_WARN_DOCUMENTATION_COMMENTS = YES;
				CLANG_WARN_EMPTY_BODY = YES;
				CLANG_WARN_ENUM_CONVERSION = YES;
				CLANG_WARN_INFINITE_RECURSION = YES;
				CLANG_WARN_INT_CONVERSION = YES;
				CLANG_WARN_NON_LITERAL_NULL_CONVERSION = YES;
				CLANG_WARN_OBJC_IMPLICIT_RETAIN_SELF = YES;
				CLANG_WARN_OBJC_LITERAL_CONVERSION = YES;
				CLANG_WARN_OBJC_ROOT_CLASS = YES_ERROR;
				CLANG_WARN_RANGE_LOOP_ANALYSIS = YES;
				CLANG_WARN_STRICT_PROTOTYPES = YES;
				CLANG_WARN_SUSPICIOUS_MOVE = YES;
				CLANG_WARN_UNGUARDED_AVAILABILITY = YES_AGGRESSIVE;
				CLANG_WARN_UNREACHABLE_CODE = YES;
				CLANG_WARN__DUPLICATE_METHOD_MATCH = YES;
				COPY_PHASE_STRIP = NO;
				DEBUG_INFORMATION_FORMAT = "dwarf-with-dsym";
				ENABLE_NS_ASSERTIONS = NO;
				ENABLE_STRICT_OBJC_MSGSEND = YES;
				GCC_C_LANGUAGE_STANDARD = gnu11;
				GCC_NO_COMMON_BLOCKS = YES;
				GCC_WARN_64_TO_32_BIT_CONVERSION = YES;
				GCC_WARN_ABOUT_RETURN_TYPE = YES_ERROR;
				GCC_WARN_UNDECLARED_SELECTOR = YES;
				GCC_WARN_UNINITIALIZED_AUTOS = YES_AGGRESSIVE;
				GCC_WARN_UNUSED_FUNCTION = YES;
				GCC_WARN_UNUSED_VARIABLE = YES;
				IPHONEOS_DEPLOYMENT_TARGET = 13.5;
				MTL_ENABLE_DEBUG_INFO = NO;
				MTL_FAST_MATH = YES;
				SDKROOT = iphoneos;
				SWIFT_COMPILATION_MODE = wholemodule;
				SWIFT_OPTIMIZATION_LEVEL = "-O";
				VALIDATE_PRODUCT = YES;
			};
			name = Release;
		};
		7D6BF7ED250C765900C824D7 /* Debug */ = {
			isa = XCBuildConfiguration;
			buildSettings = {
				ASSETCATALOG_COMPILER_APPICON_NAME = AppIcon;
				CODE_SIGN_STYLE = Automatic;
				DEVELOPMENT_TEAM = RNF778SHGZ;
				INFOPLIST_FILE = jamie_chu_nike/Info.plist;
				LD_RUNPATH_SEARCH_PATHS = (
					"$(inherited)",
					"@executable_path/Frameworks",
				);
				PRODUCT_BUNDLE_IDENTIFIER = "com.askuriel.jamie-chu-nike";
				PRODUCT_NAME = "$(TARGET_NAME)";
				SWIFT_VERSION = 5.0;
				TARGETED_DEVICE_FAMILY = "1,2";
			};
			name = Debug;
		};
		7D6BF7EE250C765900C824D7 /* Release */ = {
			isa = XCBuildConfiguration;
			buildSettings = {
				ASSETCATALOG_COMPILER_APPICON_NAME = AppIcon;
				CODE_SIGN_STYLE = Automatic;
				DEVELOPMENT_TEAM = RNF778SHGZ;
				INFOPLIST_FILE = jamie_chu_nike/Info.plist;
				LD_RUNPATH_SEARCH_PATHS = (
					"$(inherited)",
					"@executable_path/Frameworks",
				);
				PRODUCT_BUNDLE_IDENTIFIER = "com.askuriel.jamie-chu-nike";
				PRODUCT_NAME = "$(TARGET_NAME)";
				SWIFT_VERSION = 5.0;
				TARGETED_DEVICE_FAMILY = "1,2";
			};
			name = Release;
		};
		7DEBD654250F274000A247CA /* Debug */ = {
			isa = XCBuildConfiguration;
			buildSettings = {
				BUNDLE_LOADER = "$(TEST_HOST)";
				CODE_SIGN_STYLE = Automatic;
				DEVELOPMENT_TEAM = RNF778SHGZ;
				INFOPLIST_FILE = second_jamie_chu_nikeTests/Info.plist;
				LD_RUNPATH_SEARCH_PATHS = (
					"$(inherited)",
					"@executable_path/Frameworks",
					"@loader_path/Frameworks",
				);
				PRODUCT_BUNDLE_IDENTIFIER = "com.askuriel.second-jamie-chu-nikeTests";
				PRODUCT_NAME = "$(TARGET_NAME)";
				SWIFT_VERSION = 5.0;
				TARGETED_DEVICE_FAMILY = "1,2";
				TEST_HOST = "$(BUILT_PRODUCTS_DIR)/jamie_chu_nike.app/jamie_chu_nike";
			};
			name = Debug;
		};
		7DEBD655250F274000A247CA /* Release */ = {
			isa = XCBuildConfiguration;
			buildSettings = {
				BUNDLE_LOADER = "$(TEST_HOST)";
				CODE_SIGN_STYLE = Automatic;
				DEVELOPMENT_TEAM = RNF778SHGZ;
				INFOPLIST_FILE = second_jamie_chu_nikeTests/Info.plist;
				LD_RUNPATH_SEARCH_PATHS = (
					"$(inherited)",
					"@executable_path/Frameworks",
					"@loader_path/Frameworks",
				);
				PRODUCT_BUNDLE_IDENTIFIER = "com.askuriel.second-jamie-chu-nikeTests";
				PRODUCT_NAME = "$(TARGET_NAME)";
				SWIFT_VERSION = 5.0;
				TARGETED_DEVICE_FAMILY = "1,2";
				TEST_HOST = "$(BUILT_PRODUCTS_DIR)/jamie_chu_nike.app/jamie_chu_nike";
			};
			name = Release;
		};
/* End XCBuildConfiguration section */

/* Begin XCConfigurationList section */
		7D6BF7C8250C765700C824D7 /* Build configuration list for PBXProject "jamie_chu_nike" */ = {
			isa = XCConfigurationList;
			buildConfigurations = (
				7D6BF7EA250C765900C824D7 /* Debug */,
				7D6BF7EB250C765900C824D7 /* Release */,
			);
			defaultConfigurationIsVisible = 0;
			defaultConfigurationName = Release;
		};
		7D6BF7EC250C765900C824D7 /* Build configuration list for PBXNativeTarget "jamie_chu_nike" */ = {
			isa = XCConfigurationList;
			buildConfigurations = (
				7D6BF7ED250C765900C824D7 /* Debug */,
				7D6BF7EE250C765900C824D7 /* Release */,
			);
			defaultConfigurationIsVisible = 0;
			defaultConfigurationName = Release;
		};
		7DEBD653250F274000A247CA /* Build configuration list for PBXNativeTarget "second_jamie_chu_nikeTests" */ = {
			isa = XCConfigurationList;
			buildConfigurations = (
				7DEBD654250F274000A247CA /* Debug */,
				7DEBD655250F274000A247CA /* Release */,
			);
			defaultConfigurationIsVisible = 0;
			defaultConfigurationName = Release;
		};
/* End XCConfigurationList section */
	};
	rootObject = 7D6BF7C5250C765700C824D7 /* Project object */;
}
