// !$*UTF8*$!
{
	archiveVersion = 1;
	classes = {
	};
	objectVersion = 50;
	objects = {

/* Begin PBXBuildFile section */
		7D6BF7D1250C765800C824D7 /* AppDelegate.swift in Sources */ = {isa = PBXBuildFile; fileRef = 7D6BF7D0250C765800C824D7 /* AppDelegate.swift */; };
		7D6BF7D3250C765800C824D7 /* SceneDelegate.swift in Sources */ = {isa = PBXBuildFile; fileRef = 7D6BF7D2250C765800C824D7 /* SceneDelegate.swift */; };
		7D6BF7D5250C765800C824D7 /* ViewController.swift in Sources */ = {isa = PBXBuildFile; fileRef = 7D6BF7D4250C765800C824D7 /* ViewController.swift */; };
		7D6BF7DA250C765800C824D7 /* Assets.xcassets in Resources */ = {isa = PBXBuildFile; fileRef = 7D6BF7D9250C765800C824D7 /* Assets.xcassets */; };
		7D6BF7DD250C765800C824D7 /* LaunchScreen.storyboard in Resources */ = {isa = PBXBuildFile; fileRef = 7D6BF7DB250C765800C824D7 /* LaunchScreen.storyboard */; };
		7D6BF7E8250C765900C824D7 /* jamie_chu_nikeTests.swift in Sources */ = {isa = PBXBuildFile; fileRef = 7D6BF7E7250C765900C824D7 /* jamie_chu_nikeTests.swift */; };
		7D6BF976250C825600C824D7 /* Nike_Network.framework in Frameworks */ = {isa = PBXBuildFile; fileRef = 7D6BF975250C825600C824D7 /* Nike_Network.framework */; };
		7D6BF97C250C830C00C824D7 /* Nike_Network.framework in Frameworks */ = {isa = PBXBuildFile; fileRef = 7D6BF971250C823E00C824D7 /* Nike_Network.framework */; };
		7D6BF97D250C830C00C824D7 /* Nike_Network.framework in Embed Frameworks */ = {isa = PBXBuildFile; fileRef = 7D6BF971250C823E00C824D7 /* Nike_Network.framework */; settings = {ATTRIBUTES = (CodeSignOnCopy, RemoveHeadersOnCopy, ); }; };
/* End PBXBuildFile section */

/* Begin PBXContainerItemProxy section */
		7D6BF7E4250C765900C824D7 /* PBXContainerItemProxy */ = {
			isa = PBXContainerItemProxy;
			containerPortal = 7D6BF7C5250C765700C824D7 /* Project object */;
			proxyType = 1;
			remoteGlobalIDString = 7D6BF7CC250C765700C824D7;
			remoteInfo = jamie_chu_nike;
		};
		7D6BF970250C823E00C824D7 /* PBXContainerItemProxy */ = {
			isa = PBXContainerItemProxy;
			containerPortal = 7D6BF96B250C823E00C824D7 /* Nike_Network.xcodeproj */;
			proxyType = 2;
			remoteGlobalIDString = 7D6BF951250C822300C824D7;
			remoteInfo = Nike_Network;
		};
		7D6BF972250C823E00C824D7 /* PBXContainerItemProxy */ = {
			isa = PBXContainerItemProxy;
			containerPortal = 7D6BF96B250C823E00C824D7 /* Nike_Network.xcodeproj */;
			proxyType = 2;
			remoteGlobalIDString = 7D6BF95A250C822300C824D7;
			remoteInfo = Nike_NetworkTests;
		};
/* End PBXContainerItemProxy section */

/* Begin PBXCopyFilesBuildPhase section */
		7D6BF97E250C830C00C824D7 /* Embed Frameworks */ = {
			isa = PBXCopyFilesBuildPhase;
			buildActionMask = 2147483647;
			dstPath = "";
			dstSubfolderSpec = 10;
			files = (
				7D6BF97D250C830C00C824D7 /* Nike_Network.framework in Embed Frameworks */,
			);
			name = "Embed Frameworks";
			runOnlyForDeploymentPostprocessing = 0;
		};
/* End PBXCopyFilesBuildPhase section */

/* Begin PBXFileReference section */
		7D6BF7CD250C765700C824D7 /* jamie_chu_nike.app */ = {isa = PBXFileReference; explicitFileType = wrapper.application; includeInIndex = 0; path = jamie_chu_nike.app; sourceTree = BUILT_PRODUCTS_DIR; };
		7D6BF7D0250C765800C824D7 /* AppDelegate.swift */ = {isa = PBXFileReference; lastKnownFileType = sourcecode.swift; path = AppDelegate.swift; sourceTree = "<group>"; };
		7D6BF7D2250C765800C824D7 /* SceneDelegate.swift */ = {isa = PBXFileReference; lastKnownFileType = sourcecode.swift; path = SceneDelegate.swift; sourceTree = "<group>"; };
		7D6BF7D4250C765800C824D7 /* ViewController.swift */ = {isa = PBXFileReference; lastKnownFileType = sourcecode.swift; path = ViewController.swift; sourceTree = "<group>"; };
		7D6BF7D9250C765800C824D7 /* Assets.xcassets */ = {isa = PBXFileReference; lastKnownFileType = folder.assetcatalog; path = Assets.xcassets; sourceTree = "<group>"; };
		7D6BF7DC250C765800C824D7 /* Base */ = {isa = PBXFileReference; lastKnownFileType = file.storyboard; name = Base; path = Base.lproj/LaunchScreen.storyboard; sourceTree = "<group>"; };
		7D6BF7DE250C765800C824D7 /* Info.plist */ = {isa = PBXFileReference; lastKnownFileType = text.plist.xml; path = Info.plist; sourceTree = "<group>"; };
		7D6BF7E3250C765900C824D7 /* jamie_chu_nikeTests.xctest */ = {isa = PBXFileReference; explicitFileType = wrapper.cfbundle; includeInIndex = 0; path = jamie_chu_nikeTests.xctest; sourceTree = BUILT_PRODUCTS_DIR; };
		7D6BF7E7250C765900C824D7 /* jamie_chu_nikeTests.swift */ = {isa = PBXFileReference; lastKnownFileType = sourcecode.swift; path = jamie_chu_nikeTests.swift; sourceTree = "<group>"; };
		7D6BF7E9250C765900C824D7 /* Info.plist */ = {isa = PBXFileReference; lastKnownFileType = text.plist.xml; path = Info.plist; sourceTree = "<group>"; };
		7D6BF96B250C823E00C824D7 /* Nike_Network.xcodeproj */ = {isa = PBXFileReference; lastKnownFileType = "wrapper.pb-project"; name = Nike_Network.xcodeproj; path = Nike_Network/Nike_Network.xcodeproj; sourceTree = "<group>"; };
		7D6BF975250C825600C824D7 /* Nike_Network.framework */ = {isa = PBXFileReference; lastKnownFileType = wrapper.framework; name = Nike_Network.framework; path = "../../../Library/Developer/Xcode/DerivedData/Nike_Network-gsqzuzrkwkcagnfltknibenrzaly/Build/Products/Debug-iphoneos/Nike_Network.framework"; sourceTree = "<group>"; };
/* End PBXFileReference section */

/* Begin PBXFrameworksBuildPhase section */
		7D6BF7CA250C765700C824D7 /* Frameworks */ = {
			isa = PBXFrameworksBuildPhase;
			buildActionMask = 2147483647;
			files = (
				7D6BF97C250C830C00C824D7 /* Nike_Network.framework in Frameworks */,
				7D6BF976250C825600C824D7 /* Nike_Network.framework in Frameworks */,
			);
			runOnlyForDeploymentPostprocessing = 0;
		};
		7D6BF7E0250C765900C824D7 /* Frameworks */ = {
			isa = PBXFrameworksBuildPhase;
			buildActionMask = 2147483647;
			files = (
			);
			runOnlyForDeploymentPostprocessing = 0;
		};
/* End PBXFrameworksBuildPhase section */

/* Begin PBXGroup section */
		7D6BF7C4250C765700C824D7 = {
			isa = PBXGroup;
			children = (
				7D6BF96B250C823E00C824D7 /* Nike_Network.xcodeproj */,
				7D6BF7CF250C765800C824D7 /* jamie_chu_nike */,
				7D6BF7E6250C765900C824D7 /* jamie_chu_nikeTests */,
				7D6BF7CE250C765700C824D7 /* Products */,
				7D6BF974250C825500C824D7 /* Frameworks */,
			);
			sourceTree = "<group>";
		};
		7D6BF7CE250C765700C824D7 /* Products */ = {
			isa = PBXGroup;
			children = (
				7D6BF7CD250C765700C824D7 /* jamie_chu_nike.app */,
				7D6BF7E3250C765900C824D7 /* jamie_chu_nikeTests.xctest */,
			);
			name = Products;
			sourceTree = "<group>";
		};
		7D6BF7CF250C765800C824D7 /* jamie_chu_nike */ = {
			isa = PBXGroup;
			children = (
				7D6BF7D0250C765800C824D7 /* AppDelegate.swift */,
				7D6BF7D2250C765800C824D7 /* SceneDelegate.swift */,
				7D6BF7D4250C765800C824D7 /* ViewController.swift */,
				7D6BF7D9250C765800C824D7 /* Assets.xcassets */,
				7D6BF7DB250C765800C824D7 /* LaunchScreen.storyboard */,
				7D6BF7DE250C765800C824D7 /* Info.plist */,
			);
			path = jamie_chu_nike;
			sourceTree = "<group>";
		};
		7D6BF7E6250C765900C824D7 /* jamie_chu_nikeTests */ = {
			isa = PBXGroup;
			children = (
				7D6BF7E7250C765900C824D7 /* jamie_chu_nikeTests.swift */,
				7D6BF7E9250C765900C824D7 /* Info.plist */,
			);
			path = jamie_chu_nikeTests;
			sourceTree = "<group>";
		};
		7D6BF96C250C823E00C824D7 /* Products */ = {
			isa = PBXGroup;
			children = (
				7D6BF971250C823E00C824D7 /* Nike_Network.framework */,
				7D6BF973250C823E00C824D7 /* Nike_NetworkTests.xctest */,
			);
			name = Products;
			sourceTree = "<group>";
		};
		7D6BF974250C825500C824D7 /* Frameworks */ = {
			isa = PBXGroup;
			children = (
				7D6BF975250C825600C824D7 /* Nike_Network.framework */,
			);
			name = Frameworks;
			sourceTree = "<group>";
		};
/* End PBXGroup section */

/* Begin PBXNativeTarget section */
		7D6BF7CC250C765700C824D7 /* jamie_chu_nike */ = {
			isa = PBXNativeTarget;
			buildConfigurationList = 7D6BF7EC250C765900C824D7 /* Build configuration list for PBXNativeTarget "jamie_chu_nike" */;
			buildPhases = (
				7D6BF7C9250C765700C824D7 /* Sources */,
				7D6BF7CA250C765700C824D7 /* Frameworks */,
				7D6BF7CB250C765700C824D7 /* Resources */,
				7D6BF97E250C830C00C824D7 /* Embed Frameworks */,
			);
			buildRules = (
			);
			dependencies = (
			);
			name = jamie_chu_nike;
			productName = jamie_chu_nike;
			productReference = 7D6BF7CD250C765700C824D7 /* jamie_chu_nike.app */;
			productType = "com.apple.product-type.application";
		};
		7D6BF7E2250C765900C824D7 /* jamie_chu_nikeTests */ = {
			isa = PBXNativeTarget;
			buildConfigurationList = 7D6BF7EF250C765900C824D7 /* Build configuration list for PBXNativeTarget "jamie_chu_nikeTests" */;
			buildPhases = (
				7D6BF7DF250C765900C824D7 /* Sources */,
				7D6BF7E0250C765900C824D7 /* Frameworks */,
				7D6BF7E1250C765900C824D7 /* Resources */,
			);
			buildRules = (
			);
			dependencies = (
				7D6BF7E5250C765900C824D7 /* PBXTargetDependency */,
			);
			name = jamie_chu_nikeTests;
			productName = jamie_chu_nikeTests;
			productReference = 7D6BF7E3250C765900C824D7 /* jamie_chu_nikeTests.xctest */;
			productType = "com.apple.product-type.bundle.unit-test";
		};
/* End PBXNativeTarget section */

/* Begin PBXProject section */
		7D6BF7C5250C765700C824D7 /* Project object */ = {
			isa = PBXProject;
			attributes = {
				LastSwiftUpdateCheck = 1150;
				LastUpgradeCheck = 1150;
				ORGANIZATIONNAME = "Jamie Chu";
				TargetAttributes = {
					7D6BF7CC250C765700C824D7 = {
						CreatedOnToolsVersion = 11.5;
					};
					7D6BF7E2250C765900C824D7 = {
						CreatedOnToolsVersion = 11.5;
					};
				};
			};
			buildConfigurationList = 7D6BF7C8250C765700C824D7 /* Build configuration list for PBXProject "jamie_chu_nike" */;
			compatibilityVersion = "Xcode 9.3";
			developmentRegion = en;
			hasScannedForEncodings = 0;
			knownRegions = (
				en,
				Base,
			);
			mainGroup = 7D6BF7C4250C765700C824D7;
			productRefGroup = 7D6BF7CE250C765700C824D7 /* Products */;
			projectDirPath = "";
			projectReferences = (
				{
					ProductGroup = 7D6BF96C250C823E00C824D7 /* Products */;
					ProjectRef = 7D6BF96B250C823E00C824D7 /* Nike_Network.xcodeproj */;
				},
			);
			projectRoot = "";
			targets = (
				7D6BF7CC250C765700C824D7 /* jamie_chu_nike */,
				7D6BF7E2250C765900C824D7 /* jamie_chu_nikeTests */,
			);
		};
/* End PBXProject section */

/* Begin PBXReferenceProxy section */
		7D6BF971250C823E00C824D7 /* Nike_Network.framework */ = {
			isa = PBXReferenceProxy;
			fileType = wrapper.framework;
			path = Nike_Network.framework;
			remoteRef = 7D6BF970250C823E00C824D7 /* PBXContainerItemProxy */;
			sourceTree = BUILT_PRODUCTS_DIR;
		};
		7D6BF973250C823E00C824D7 /* Nike_NetworkTests.xctest */ = {
			isa = PBXReferenceProxy;
			fileType = wrapper.cfbundle;
			path = Nike_NetworkTests.xctest;
			remoteRef = 7D6BF972250C823E00C824D7 /* PBXContainerItemProxy */;
			sourceTree = BUILT_PRODUCTS_DIR;
		};
/* End PBXReferenceProxy section */

/* Begin PBXResourcesBuildPhase section */
		7D6BF7CB250C765700C824D7 /* Resources */ = {
			isa = PBXResourcesBuildPhase;
			buildActionMask = 2147483647;
			files = (
				7D6BF7DD250C765800C824D7 /* LaunchScreen.storyboard in Resources */,
				7D6BF7DA250C765800C824D7 /* Assets.xcassets in Resources */,
			);
			runOnlyForDeploymentPostprocessing = 0;
		};
		7D6BF7E1250C765900C824D7 /* Resources */ = {
			isa = PBXResourcesBuildPhase;
			buildActionMask = 2147483647;
			files = (
			);
			runOnlyForDeploymentPostprocessing = 0;
		};
/* End PBXResourcesBuildPhase section */

/* Begin PBXSourcesBuildPhase section */
		7D6BF7C9250C765700C824D7 /* Sources */ = {
			isa = PBXSourcesBuildPhase;
			buildActionMask = 2147483647;
			files = (
				7D6BF7D5250C765800C824D7 /* ViewController.swift in Sources */,
				7D6BF7D1250C765800C824D7 /* AppDelegate.swift in Sources */,
				7D6BF7D3250C765800C824D7 /* SceneDelegate.swift in Sources */,
			);
			runOnlyForDeploymentPostprocessing = 0;
		};
		7D6BF7DF250C765900C824D7 /* Sources */ = {
			isa = PBXSourcesBuildPhase;
			buildActionMask = 2147483647;
			files = (
				7D6BF7E8250C765900C824D7 /* jamie_chu_nikeTests.swift in Sources */,
			);
			runOnlyForDeploymentPostprocessing = 0;
		};
/* End PBXSourcesBuildPhase section */

/* Begin PBXTargetDependency section */
		7D6BF7E5250C765900C824D7 /* PBXTargetDependency */ = {
			isa = PBXTargetDependency;
			target = 7D6BF7CC250C765700C824D7 /* jamie_chu_nike */;
			targetProxy = 7D6BF7E4250C765900C824D7 /* PBXContainerItemProxy */;
		};
/* End PBXTargetDependency section */

/* Begin PBXVariantGroup section */
		7D6BF7DB250C765800C824D7 /* LaunchScreen.storyboard */ = {
			isa = PBXVariantGroup;
			children = (
				7D6BF7DC250C765800C824D7 /* Base */,
			);
			name = LaunchScreen.storyboard;
			sourceTree = "<group>";
		};
/* End PBXVariantGroup section */

/* Begin XCBuildConfiguration section */
		7D6BF7EA250C765900C824D7 /* Debug */ = {
			isa = XCBuildConfiguration;
			buildSettings = {
				ALWAYS_SEARCH_USER_PATHS = NO;
				CLANG_ANALYZER_NONNULL = YES;
				CLANG_ANALYZER_NUMBER_OBJECT_CONVERSION = YES_AGGRESSIVE;
				CLANG_CXX_LANGUAGE_STANDARD = "gnu++14";
				CLANG_CXX_LIBRARY = "libc++";
				CLANG_ENABLE_MODULES = YES;
				CLANG_ENABLE_OBJC_ARC = YES;
				CLANG_ENABLE_OBJC_WEAK = YES;
				CLANG_WARN_BLOCK_CAPTURE_AUTORELEASING = YES;
				CLANG_WARN_BOOL_CONVERSION = YES;
				CLANG_WARN_COMMA = YES;
				CLANG_WARN_CONSTANT_CONVERSION = YES;
				CLANG_WARN_DEPRECATED_OBJC_IMPLEMENTATIONS = YES;
				CLANG_WARN_DIRECT_OBJC_ISA_USAGE = YES_ERROR;
				CLANG_WARN_DOCUMENTATION_COMMENTS = YES;
				CLANG_WARN_EMPTY_BODY = YES;
				CLANG_WARN_ENUM_CONVERSION = YES;
				CLANG_WARN_INFINITE_RECURSION = YES;
				CLANG_WARN_INT_CONVERSION = YES;
				CLANG_WARN_NON_LITERAL_NULL_CONVERSION = YES;
				CLANG_WARN_OBJC_IMPLICIT_RETAIN_SELF = YES;
				CLANG_WARN_OBJC_LITERAL_CONVERSION = YES;
				CLANG_WARN_OBJC_ROOT_CLASS = YES_ERROR;
				CLANG_WARN_RANGE_LOOP_ANALYSIS = YES;
				CLANG_WARN_STRICT_PROTOTYPES = YES;
				CLANG_WARN_SUSPICIOUS_MOVE = YES;
				CLANG_WARN_UNGUARDED_AVAILABILITY = YES_AGGRESSIVE;
				CLANG_WARN_UNREACHABLE_CODE = YES;
				CLANG_WARN__DUPLICATE_METHOD_MATCH = YES;
				COPY_PHASE_STRIP = NO;
				DEBUG_INFORMATION_FORMAT = dwarf;
				ENABLE_STRICT_OBJC_MSGSEND = YES;
				ENABLE_TESTABILITY = YES;
				GCC_C_LANGUAGE_STANDARD = gnu11;
				GCC_DYNAMIC_NO_PIC = NO;
				GCC_NO_COMMON_BLOCKS = YES;
				GCC_OPTIMIZATION_LEVEL = 0;
				GCC_PREPROCESSOR_DEFINITIONS = (
					"DEBUG=1",
					"$(inherited)",
				);
				GCC_WARN_64_TO_32_BIT_CONVERSION = YES;
				GCC_WARN_ABOUT_RETURN_TYPE = YES_ERROR;
				GCC_WARN_UNDECLARED_SELECTOR = YES;
				GCC_WARN_UNINITIALIZED_AUTOS = YES_AGGRESSIVE;
				GCC_WARN_UNUSED_FUNCTION = YES;
				GCC_WARN_UNUSED_VARIABLE = YES;
				IPHONEOS_DEPLOYMENT_TARGET = 13.5;
				MTL_ENABLE_DEBUG_INFO = INCLUDE_SOURCE;
				MTL_FAST_MATH = YES;
				ONLY_ACTIVE_ARCH = YES;
				SDKROOT = iphoneos;
				SWIFT_ACTIVE_COMPILATION_CONDITIONS = DEBUG;
				SWIFT_OPTIMIZATION_LEVEL = "-Onone";
			};
			name = Debug;
		};
		7D6BF7EB250C765900C824D7 /* Release */ = {
			isa = XCBuildConfiguration;
			buildSettings = {
				ALWAYS_SEARCH_USER_PATHS = NO;
				CLANG_ANALYZER_NONNULL = YES;
				CLANG_ANALYZER_NUMBER_OBJECT_CONVERSION = YES_AGGRESSIVE;
				CLANG_CXX_LANGUAGE_STANDARD = "gnu++14";
				CLANG_CXX_LIBRARY = "libc++";
				CLANG_ENABLE_MODULES = YES;
				CLANG_ENABLE_OBJC_ARC = YES;
				CLANG_ENABLE_OBJC_WEAK = YES;
				CLANG_WARN_BLOCK_CAPTURE_AUTORELEASING = YES;
				CLANG_WARN_BOOL_CONVERSION = YES;
				CLANG_WARN_COMMA = YES;
				CLANG_WARN_CONSTANT_CONVERSION = YES;
				CLANG_WARN_DEPRECATED_OBJC_IMPLEMENTATIONS = YES;
				CLANG_WARN_DIRECT_OBJC_ISA_USAGE = YES_ERROR;
				CLANG_WARN_DOCUMENTATION_COMMENTS = YES;
				CLANG_WARN_EMPTY_BODY = YES;
				CLANG_WARN_ENUM_CONVERSION = YES;
				CLANG_WARN_INFINITE_RECURSION = YES;
				CLANG_WARN_INT_CONVERSION = YES;
				CLANG_WARN_NON_LITERAL_NULL_CONVERSION = YES;
				CLANG_WARN_OBJC_IMPLICIT_RETAIN_SELF = YES;
				CLANG_WARN_OBJC_LITERAL_CONVERSION = YES;
				CLANG_WARN_OBJC_ROOT_CLASS = YES_ERROR;
				CLANG_WARN_RANGE_LOOP_ANALYSIS = YES;
				CLANG_WARN_STRICT_PROTOTYPES = YES;
				CLANG_WARN_SUSPICIOUS_MOVE = YES;
				CLANG_WARN_UNGUARDED_AVAILABILITY = YES_AGGRESSIVE;
				CLANG_WARN_UNREACHABLE_CODE = YES;
				CLANG_WARN__DUPLICATE_METHOD_MATCH = YES;
				COPY_PHASE_STRIP = NO;
				DEBUG_INFORMATION_FORMAT = "dwarf-with-dsym";
				ENABLE_NS_ASSERTIONS = NO;
				ENABLE_STRICT_OBJC_MSGSEND = YES;
				GCC_C_LANGUAGE_STANDARD = gnu11;
				GCC_NO_COMMON_BLOCKS = YES;
				GCC_WARN_64_TO_32_BIT_CONVERSION = YES;
				GCC_WARN_ABOUT_RETURN_TYPE = YES_ERROR;
				GCC_WARN_UNDECLARED_SELECTOR = YES;
				GCC_WARN_UNINITIALIZED_AUTOS = YES_AGGRESSIVE;
				GCC_WARN_UNUSED_FUNCTION = YES;
				GCC_WARN_UNUSED_VARIABLE = YES;
				IPHONEOS_DEPLOYMENT_TARGET = 13.5;
				MTL_ENABLE_DEBUG_INFO = NO;
				MTL_FAST_MATH = YES;
				SDKROOT = iphoneos;
				SWIFT_COMPILATION_MODE = wholemodule;
				SWIFT_OPTIMIZATION_LEVEL = "-O";
				VALIDATE_PRODUCT = YES;
			};
			name = Release;
		};
		7D6BF7ED250C765900C824D7 /* Debug */ = {
			isa = XCBuildConfiguration;
			buildSettings = {
				ASSETCATALOG_COMPILER_APPICON_NAME = AppIcon;
				CODE_SIGN_STYLE = Automatic;
				DEVELOPMENT_TEAM = RNF778SHGZ;
				INFOPLIST_FILE = jamie_chu_nike/Info.plist;
				LD_RUNPATH_SEARCH_PATHS = (
					"$(inherited)",
					"@executable_path/Frameworks",
				);
				PRODUCT_BUNDLE_IDENTIFIER = "com.askuriel.jamie-chu-nike";
				PRODUCT_NAME = "$(TARGET_NAME)";
				SWIFT_VERSION = 5.0;
				TARGETED_DEVICE_FAMILY = "1,2";
			};
			name = Debug;
		};
		7D6BF7EE250C765900C824D7 /* Release */ = {
			isa = XCBuildConfiguration;
			buildSettings = {
				ASSETCATALOG_COMPILER_APPICON_NAME = AppIcon;
				CODE_SIGN_STYLE = Automatic;
				DEVELOPMENT_TEAM = RNF778SHGZ;
				INFOPLIST_FILE = jamie_chu_nike/Info.plist;
				LD_RUNPATH_SEARCH_PATHS = (
					"$(inherited)",
					"@executable_path/Frameworks",
				);
				PRODUCT_BUNDLE_IDENTIFIER = "com.askuriel.jamie-chu-nike";
				PRODUCT_NAME = "$(TARGET_NAME)";
				SWIFT_VERSION = 5.0;
				TARGETED_DEVICE_FAMILY = "1,2";
			};
			name = Release;
		};
		7D6BF7F0250C765900C824D7 /* Debug */ = {
			isa = XCBuildConfiguration;
			buildSettings = {
				ALWAYS_EMBED_SWIFT_STANDARD_LIBRARIES = YES;
				CODE_SIGN_STYLE = Automatic;
				DEVELOPMENT_TEAM = RNF778SHGZ;
				INFOPLIST_FILE = jamie_chu_nikeTests/Info.plist;
				IPHONEOS_DEPLOYMENT_TARGET = 13.5;
				LD_RUNPATH_SEARCH_PATHS = (
					"$(inherited)",
					"@executable_path/Frameworks",
					"@loader_path/Frameworks",
				);
				PRODUCT_BUNDLE_IDENTIFIER = "com.askuriel.jamie-chu-nikeTests";
				PRODUCT_NAME = "$(TARGET_NAME)";
				SWIFT_VERSION = 5.0;
				TARGETED_DEVICE_FAMILY = "1,2";
			};
			name = Debug;
		};
		7D6BF7F1250C765900C824D7 /* Release */ = {
			isa = XCBuildConfiguration;
			buildSettings = {
				ALWAYS_EMBED_SWIFT_STANDARD_LIBRARIES = YES;
				CODE_SIGN_STYLE = Automatic;
				DEVELOPMENT_TEAM = RNF778SHGZ;
				INFOPLIST_FILE = jamie_chu_nikeTests/Info.plist;
				IPHONEOS_DEPLOYMENT_TARGET = 13.5;
				LD_RUNPATH_SEARCH_PATHS = (
					"$(inherited)",
					"@executable_path/Frameworks",
					"@loader_path/Frameworks",
				);
				PRODUCT_BUNDLE_IDENTIFIER = "com.askuriel.jamie-chu-nikeTests";
				PRODUCT_NAME = "$(TARGET_NAME)";
				SWIFT_VERSION = 5.0;
				TARGETED_DEVICE_FAMILY = "1,2";
			};
			name = Release;
		};
/* End XCBuildConfiguration section */

/* Begin XCConfigurationList section */
		7D6BF7C8250C765700C824D7 /* Build configuration list for PBXProject "jamie_chu_nike" */ = {
			isa = XCConfigurationList;
			buildConfigurations = (
				7D6BF7EA250C765900C824D7 /* Debug */,
				7D6BF7EB250C765900C824D7 /* Release */,
			);
			defaultConfigurationIsVisible = 0;
			defaultConfigurationName = Release;
		};
		7D6BF7EC250C765900C824D7 /* Build configuration list for PBXNativeTarget "jamie_chu_nike" */ = {
			isa = XCConfigurationList;
			buildConfigurations = (
				7D6BF7ED250C765900C824D7 /* Debug */,
				7D6BF7EE250C765900C824D7 /* Release */,
			);
			defaultConfigurationIsVisible = 0;
			defaultConfigurationName = Release;
		};
		7D6BF7EF250C765900C824D7 /* Build configuration list for PBXNativeTarget "jamie_chu_nikeTests" */ = {
			isa = XCConfigurationList;
			buildConfigurations = (
				7D6BF7F0250C765900C824D7 /* Debug */,
				7D6BF7F1250C765900C824D7 /* Release */,
			);
			defaultConfigurationIsVisible = 0;
			defaultConfigurationName = Release;
		};
/* End XCConfigurationList section */
	};
	rootObject = 7D6BF7C5250C765700C824D7 /* Project object */;
}
